// !$*UTF8*$!
{
	archiveVersion = 1;
	classes = {
	};
	objectVersion = 77;
	objects = {

/* Begin PBXBuildFile section */
		6BB343682CFFC3D7001189CF /* Tagged in Frameworks */ = {isa = PBXBuildFile; productRef = 6BB343672CFFC3D7001189CF /* Tagged */; };
		6BB3436B2CFFC3EB001189CF /* Dependencies in Frameworks */ = {isa = PBXBuildFile; productRef = 6BB3436A2CFFC3EB001189CF /* Dependencies */; };
		6BB3436D2CFFC3EB001189CF /* DependenciesMacros in Frameworks */ = {isa = PBXBuildFile; productRef = 6BB3436C2CFFC3EB001189CF /* DependenciesMacros */; };
		6BB3436F2CFFC3EB001189CF /* DependenciesTestSupport in Frameworks */ = {isa = PBXBuildFile; productRef = 6BB3436E2CFFC3EB001189CF /* DependenciesTestSupport */; };
		6BB343802CFFC507001189CF /* IdentifiedCollections in Frameworks */ = {isa = PBXBuildFile; productRef = 6BB3437F2CFFC507001189CF /* IdentifiedCollections */; };
/* End PBXBuildFile section */

/* Begin PBXCopyFilesBuildPhase section */
		6BB3435A2CFFC3A0001189CF /* CopyFiles */ = {
			isa = PBXCopyFilesBuildPhase;
			buildActionMask = 2147483647;
			dstPath = "include/$(PRODUCT_NAME)";
			dstSubfolderSpec = 16;
			files = (
			);
			runOnlyForDeploymentPostprocessing = 0;
		};
/* End PBXCopyFilesBuildPhase section */

/* Begin PBXFileReference section */
		6BB3435C2CFFC3A0001189CF /* libComposableContacts.a */ = {isa = PBXFileReference; explicitFileType = archive.ar; includeInIndex = 0; path = libComposableContacts.a; sourceTree = BUILT_PRODUCTS_DIR; };
/* End PBXFileReference section */

/* Begin PBXFileSystemSynchronizedRootGroup section */
		6BB3437A2CFFC4B4001189CF /* ComposableContacts */ = {
			isa = PBXFileSystemSynchronizedRootGroup;
			path = ComposableContacts;
			sourceTree = "<group>";
		};
/* End PBXFileSystemSynchronizedRootGroup section */

/* Begin PBXFrameworksBuildPhase section */
		6BB343592CFFC3A0001189CF /* Frameworks */ = {
			isa = PBXFrameworksBuildPhase;
			buildActionMask = 2147483647;
			files = (
				6BB343802CFFC507001189CF /* IdentifiedCollections in Frameworks */,
				6BB343682CFFC3D7001189CF /* Tagged in Frameworks */,
				6BB3436B2CFFC3EB001189CF /* Dependencies in Frameworks */,
				6BB3436D2CFFC3EB001189CF /* DependenciesMacros in Frameworks */,
				6BB3436F2CFFC3EB001189CF /* DependenciesTestSupport in Frameworks */,
			);
			runOnlyForDeploymentPostprocessing = 0;
		};
/* End PBXFrameworksBuildPhase section */

/* Begin PBXGroup section */
		6BB343532CFFC3A0001189CF = {
			isa = PBXGroup;
			children = (
				6BB3437A2CFFC4B4001189CF /* ComposableContacts */,
				6BB3435D2CFFC3A0001189CF /* Products */,
			);
			sourceTree = "<group>";
		};
		6BB3435D2CFFC3A0001189CF /* Products */ = {
			isa = PBXGroup;
			children = (
				6BB3435C2CFFC3A0001189CF /* libComposableContacts.a */,
			);
			name = Products;
			sourceTree = "<group>";
		};
/* End PBXGroup section */

/* Begin PBXNativeTarget section */
		6BB3435B2CFFC3A0001189CF /* ComposableContacts */ = {
			isa = PBXNativeTarget;
			buildConfigurationList = 6BB343632CFFC3A0001189CF /* Build configuration list for PBXNativeTarget "ComposableContacts" */;
			buildPhases = (
				6BB343582CFFC3A0001189CF /* Sources */,
				6BB343592CFFC3A0001189CF /* Frameworks */,
				6BB3435A2CFFC3A0001189CF /* CopyFiles */,
			);
			buildRules = (
			);
			dependencies = (
			);
			fileSystemSynchronizedGroups = (
				6BB3437A2CFFC4B4001189CF /* ComposableContacts */,
			);
			name = ComposableContacts;
			packageProductDependencies = (
				6BB343672CFFC3D7001189CF /* Tagged */,
				6BB3436A2CFFC3EB001189CF /* Dependencies */,
				6BB3436C2CFFC3EB001189CF /* DependenciesMacros */,
				6BB3436E2CFFC3EB001189CF /* DependenciesTestSupport */,
				6BB3437F2CFFC507001189CF /* IdentifiedCollections */,
			);
			productName = ComposableContacts;
			productReference = 6BB3435C2CFFC3A0001189CF /* libComposableContacts.a */;
			productType = "com.apple.product-type.library.static";
		};
/* End PBXNativeTarget section */

/* Begin PBXProject section */
		6BB343542CFFC3A0001189CF /* Project object */ = {
			isa = PBXProject;
			attributes = {
				BuildIndependentTargetsInParallel = 1;
				LastSwiftUpdateCheck = 1610;
				LastUpgradeCheck = 1610;
				TargetAttributes = {
					6BB3435B2CFFC3A0001189CF = {
						CreatedOnToolsVersion = 16.1;
					};
				};
			};
			buildConfigurationList = 6BB343572CFFC3A0001189CF /* Build configuration list for PBXProject "ComposableContacts" */;
			developmentRegion = en;
			hasScannedForEncodings = 0;
			knownRegions = (
				en,
				Base,
			);
			mainGroup = 6BB343532CFFC3A0001189CF;
			minimizedProjectReferenceProxies = 1;
			packageReferences = (
				6BB343662CFFC3D7001189CF /* XCRemoteSwiftPackageReference "swift-tagged" */,
				6BB343692CFFC3EB001189CF /* XCRemoteSwiftPackageReference "swift-dependencies" */,
				6BB3437E2CFFC507001189CF /* XCRemoteSwiftPackageReference "swift-identified-collections" */,
			);
			preferredProjectObjectVersion = 77;
			productRefGroup = 6BB3435D2CFFC3A0001189CF /* Products */;
			projectDirPath = "";
			projectRoot = "";
			targets = (
				6BB3435B2CFFC3A0001189CF /* ComposableContacts */,
			);
		};
/* End PBXProject section */

/* Begin PBXSourcesBuildPhase section */
		6BB343582CFFC3A0001189CF /* Sources */ = {
			isa = PBXSourcesBuildPhase;
			buildActionMask = 2147483647;
			files = (
			);
			runOnlyForDeploymentPostprocessing = 0;
		};
/* End PBXSourcesBuildPhase section */

/* Begin XCBuildConfiguration section */
		6BB343612CFFC3A0001189CF /* Debug */ = {
			isa = XCBuildConfiguration;
			buildSettings = {
				ALWAYS_SEARCH_USER_PATHS = NO;
				ASSETCATALOG_COMPILER_GENERATE_SWIFT_ASSET_SYMBOL_EXTENSIONS = YES;
				CLANG_ANALYZER_NONNULL = YES;
				CLANG_ANALYZER_NUMBER_OBJECT_CONVERSION = YES_AGGRESSIVE;
				CLANG_CXX_LANGUAGE_STANDARD = "gnu++20";
				CLANG_ENABLE_MODULES = YES;
				CLANG_ENABLE_OBJC_ARC = YES;
				CLANG_ENABLE_OBJC_WEAK = YES;
				CLANG_WARN_BLOCK_CAPTURE_AUTORELEASING = YES;
				CLANG_WARN_BOOL_CONVERSION = YES;
				CLANG_WARN_COMMA = YES;
				CLANG_WARN_CONSTANT_CONVERSION = YES;
				CLANG_WARN_DEPRECATED_OBJC_IMPLEMENTATIONS = YES;
				CLANG_WARN_DIRECT_OBJC_ISA_USAGE = YES_ERROR;
				CLANG_WARN_DOCUMENTATION_COMMENTS = YES;
				CLANG_WARN_EMPTY_BODY = YES;
				CLANG_WARN_ENUM_CONVERSION = YES;
				CLANG_WARN_INFINITE_RECURSION = YES;
				CLANG_WARN_INT_CONVERSION = YES;
				CLANG_WARN_NON_LITERAL_NULL_CONVERSION = YES;
				CLANG_WARN_OBJC_IMPLICIT_RETAIN_SELF = YES;
				CLANG_WARN_OBJC_LITERAL_CONVERSION = YES;
				CLANG_WARN_OBJC_ROOT_CLASS = YES_ERROR;
				CLANG_WARN_QUOTED_INCLUDE_IN_FRAMEWORK_HEADER = YES;
				CLANG_WARN_RANGE_LOOP_ANALYSIS = YES;
				CLANG_WARN_STRICT_PROTOTYPES = YES;
				CLANG_WARN_SUSPICIOUS_MOVE = YES;
				CLANG_WARN_UNGUARDED_AVAILABILITY = YES_AGGRESSIVE;
				CLANG_WARN_UNREACHABLE_CODE = YES;
				CLANG_WARN__DUPLICATE_METHOD_MATCH = YES;
				COPY_PHASE_STRIP = NO;
				DEBUG_INFORMATION_FORMAT = dwarf;
				ENABLE_STRICT_OBJC_MSGSEND = YES;
				ENABLE_TESTABILITY = YES;
				ENABLE_USER_SCRIPT_SANDBOXING = YES;
				GCC_C_LANGUAGE_STANDARD = gnu17;
				GCC_DYNAMIC_NO_PIC = NO;
				GCC_NO_COMMON_BLOCKS = YES;
				GCC_OPTIMIZATION_LEVEL = 0;
				GCC_PREPROCESSOR_DEFINITIONS = (
					"DEBUG=1",
					"$(inherited)",
				);
				GCC_WARN_64_TO_32_BIT_CONVERSION = YES;
				GCC_WARN_ABOUT_RETURN_TYPE = YES_ERROR;
				GCC_WARN_UNDECLARED_SELECTOR = YES;
				GCC_WARN_UNINITIALIZED_AUTOS = YES_AGGRESSIVE;
				GCC_WARN_UNUSED_FUNCTION = YES;
				GCC_WARN_UNUSED_VARIABLE = YES;
				IPHONEOS_DEPLOYMENT_TARGET = 18.1;
				LOCALIZATION_PREFERS_STRING_CATALOGS = YES;
				MTL_ENABLE_DEBUG_INFO = INCLUDE_SOURCE;
				MTL_FAST_MATH = YES;
				ONLY_ACTIVE_ARCH = YES;
				SDKROOT = iphoneos;
				SWIFT_ACTIVE_COMPILATION_CONDITIONS = "DEBUG $(inherited)";
				SWIFT_OPTIMIZATION_LEVEL = "-Onone";
			};
			name = Debug;
		};
		6BB343622CFFC3A0001189CF /* Release */ = {
			isa = XCBuildConfiguration;
			buildSettings = {
				ALWAYS_SEARCH_USER_PATHS = NO;
				ASSETCATALOG_COMPILER_GENERATE_SWIFT_ASSET_SYMBOL_EXTENSIONS = YES;
				CLANG_ANALYZER_NONNULL = YES;
				CLANG_ANALYZER_NUMBER_OBJECT_CONVERSION = YES_AGGRESSIVE;
				CLANG_CXX_LANGUAGE_STANDARD = "gnu++20";
				CLANG_ENABLE_MODULES = YES;
				CLANG_ENABLE_OBJC_ARC = YES;
				CLANG_ENABLE_OBJC_WEAK = YES;
				CLANG_WARN_BLOCK_CAPTURE_AUTORELEASING = YES;
				CLANG_WARN_BOOL_CONVERSION = YES;
				CLANG_WARN_COMMA = YES;
				CLANG_WARN_CONSTANT_CONVERSION = YES;
				CLANG_WARN_DEPRECATED_OBJC_IMPLEMENTATIONS = YES;
				CLANG_WARN_DIRECT_OBJC_ISA_USAGE = YES_ERROR;
				CLANG_WARN_DOCUMENTATION_COMMENTS = YES;
				CLANG_WARN_EMPTY_BODY = YES;
				CLANG_WARN_ENUM_CONVERSION = YES;
				CLANG_WARN_INFINITE_RECURSION = YES;
				CLANG_WARN_INT_CONVERSION = YES;
				CLANG_WARN_NON_LITERAL_NULL_CONVERSION = YES;
				CLANG_WARN_OBJC_IMPLICIT_RETAIN_SELF = YES;
				CLANG_WARN_OBJC_LITERAL_CONVERSION = YES;
				CLANG_WARN_OBJC_ROOT_CLASS = YES_ERROR;
				CLANG_WARN_QUOTED_INCLUDE_IN_FRAMEWORK_HEADER = YES;
				CLANG_WARN_RANGE_LOOP_ANALYSIS = YES;
				CLANG_WARN_STRICT_PROTOTYPES = YES;
				CLANG_WARN_SUSPICIOUS_MOVE = YES;
				CLANG_WARN_UNGUARDED_AVAILABILITY = YES_AGGRESSIVE;
				CLANG_WARN_UNREACHABLE_CODE = YES;
				CLANG_WARN__DUPLICATE_METHOD_MATCH = YES;
				COPY_PHASE_STRIP = NO;
				DEBUG_INFORMATION_FORMAT = "dwarf-with-dsym";
				ENABLE_NS_ASSERTIONS = NO;
				ENABLE_STRICT_OBJC_MSGSEND = YES;
				ENABLE_USER_SCRIPT_SANDBOXING = YES;
				GCC_C_LANGUAGE_STANDARD = gnu17;
				GCC_NO_COMMON_BLOCKS = YES;
				GCC_WARN_64_TO_32_BIT_CONVERSION = YES;
				GCC_WARN_ABOUT_RETURN_TYPE = YES_ERROR;
				GCC_WARN_UNDECLARED_SELECTOR = YES;
				GCC_WARN_UNINITIALIZED_AUTOS = YES_AGGRESSIVE;
				GCC_WARN_UNUSED_FUNCTION = YES;
				GCC_WARN_UNUSED_VARIABLE = YES;
				IPHONEOS_DEPLOYMENT_TARGET = 18.1;
				LOCALIZATION_PREFERS_STRING_CATALOGS = YES;
				MTL_ENABLE_DEBUG_INFO = NO;
				MTL_FAST_MATH = YES;
				SDKROOT = iphoneos;
				SWIFT_COMPILATION_MODE = wholemodule;
				VALIDATE_PRODUCT = YES;
			};
			name = Release;
		};
		6BB343642CFFC3A0001189CF /* Debug */ = {
			isa = XCBuildConfiguration;
			buildSettings = {
				CODE_SIGN_STYLE = Automatic;
				DEVELOPMENT_TEAM = DDQ4V5Z9MH;
				IPHONEOS_DEPLOYMENT_TARGET = 15.0;
				OTHER_LDFLAGS = "-ObjC";
				PRODUCT_NAME = "$(TARGET_NAME)";
				SKIP_INSTALL = YES;
				SWIFT_VERSION = 5.0;
				TARGETED_DEVICE_FAMILY = "1,2";
			};
			name = Debug;
		};
		6BB343652CFFC3A0001189CF /* Release */ = {
			isa = XCBuildConfiguration;
			buildSettings = {
				CODE_SIGN_STYLE = Automatic;
				DEVELOPMENT_TEAM = DDQ4V5Z9MH;
				IPHONEOS_DEPLOYMENT_TARGET = 15.0;
				OTHER_LDFLAGS = "-ObjC";
				PRODUCT_NAME = "$(TARGET_NAME)";
				SKIP_INSTALL = YES;
				SWIFT_VERSION = 5.0;
				TARGETED_DEVICE_FAMILY = "1,2";
			};
			name = Release;
		};
/* End XCBuildConfiguration section */

/* Begin XCConfigurationList section */
		6BB343572CFFC3A0001189CF /* Build configuration list for PBXProject "ComposableContacts" */ = {
			isa = XCConfigurationList;
			buildConfigurations = (
				6BB343612CFFC3A0001189CF /* Debug */,
				6BB343622CFFC3A0001189CF /* Release */,
			);
			defaultConfigurationIsVisible = 0;
			defaultConfigurationName = Release;
		};
		6BB343632CFFC3A0001189CF /* Build configuration list for PBXNativeTarget "ComposableContacts" */ = {
			isa = XCConfigurationList;
			buildConfigurations = (
				6BB343642CFFC3A0001189CF /* Debug */,
				6BB343652CFFC3A0001189CF /* Release */,
			);
			defaultConfigurationIsVisible = 0;
			defaultConfigurationName = Release;
		};
/* End XCConfigurationList section */

/* Begin XCRemoteSwiftPackageReference section */
		6BB343662CFFC3D7001189CF /* XCRemoteSwiftPackageReference "swift-tagged" */ = {
			isa = XCRemoteSwiftPackageReference;
			repositoryURL = "https://github.com/pointfreeco/swift-tagged";
			requirement = {
				kind = upToNextMajorVersion;
				minimumVersion = 0.10.0;
			};
		};
		6BB343692CFFC3EB001189CF /* XCRemoteSwiftPackageReference "swift-dependencies" */ = {
			isa = XCRemoteSwiftPackageReference;
			repositoryURL = "https://github.com/pointfreeco/swift-dependencies";
			requirement = {
				kind = upToNextMajorVersion;
				minimumVersion = 1.6.2;
			};
		};
		6BB3437E2CFFC507001189CF /* XCRemoteSwiftPackageReference "swift-identified-collections" */ = {
			isa = XCRemoteSwiftPackageReference;
			repositoryURL = "https://github.com/pointfreeco/swift-identified-collections";
			requirement = {
				kind = upToNextMajorVersion;
				minimumVersion = 1.1.0;
			};
		};
/* End XCRemoteSwiftPackageReference section */

/* Begin XCSwiftPackageProductDependency section */
		6BB343672CFFC3D7001189CF /* Tagged */ = {
			isa = XCSwiftPackageProductDependency;
			package = 6BB343662CFFC3D7001189CF /* XCRemoteSwiftPackageReference "swift-tagged" */;
			productName = Tagged;
		};
		6BB3436A2CFFC3EB001189CF /* Dependencies */ = {
			isa = XCSwiftPackageProductDependency;
			package = 6BB343692CFFC3EB001189CF /* XCRemoteSwiftPackageReference "swift-dependencies" */;
			productName = Dependencies;
		};
		6BB3436C2CFFC3EB001189CF /* DependenciesMacros */ = {
			isa = XCSwiftPackageProductDependency;
			package = 6BB343692CFFC3EB001189CF /* XCRemoteSwiftPackageReference "swift-dependencies" */;
			productName = DependenciesMacros;
		};
		6BB3436E2CFFC3EB001189CF /* DependenciesTestSupport */ = {
			isa = XCSwiftPackageProductDependency;
			package = 6BB343692CFFC3EB001189CF /* XCRemoteSwiftPackageReference "swift-dependencies" */;
			productName = DependenciesTestSupport;
		};
		6BB3437F2CFFC507001189CF /* IdentifiedCollections */ = {
			isa = XCSwiftPackageProductDependency;
			package = 6BB3437E2CFFC507001189CF /* XCRemoteSwiftPackageReference "swift-identified-collections" */;
			productName = IdentifiedCollections;
		};
/* End XCSwiftPackageProductDependency section */
	};
	rootObject = 6BB343542CFFC3A0001189CF /* Project object */;
}
